
Microsoft Visual Studio Solution File, Format Version 12.00
# Visual Studio 2013
VisualStudioVersion = 12.0.40629.0
MinimumVisualStudioVersion = 10.0.40219.1
Project("{2150E333-8FDC-42A3-9474-1A3956D46DE8}") = ".nuget", ".nuget", "{3E35A28F-4FAA-4EF6-90AA-C8245244CAFD}"
	ProjectSection(SolutionItems) = preProject
		.nuget\NuGet.Config = .nuget\NuGet.Config
		.nuget\NuGet.exe = .nuget\NuGet.exe
		.nuget\NuGet.targets = .nuget\NuGet.targets
	EndProjectSection
EndProject
Project("{2150E333-8FDC-42A3-9474-1A3956D46DE8}") = "99.IdentityServer3", "99.IdentityServer3", "{8DB647C9-EB26-4113-B0FA-B36EDA8E0A81}"
EndProject
Project("{FAE04EC0-301F-11D3-BF4B-00C04F79EFBC}") = "IdentityServer3.Core", "IdentityServer3.Core\IdentityServer3.Core.csproj", "{FB9E026E-BAB3-498A-A954-B93B05C146A5}"
EndProject
Project("{FAE04EC0-301F-11D3-BF4B-00C04F79EFBC}") = "IdentityServer3.Host", "IdentityServer3.Host\IdentityServer3.Host.csproj", "{C41ECC23-BB27-4BDD-990E-4908B872F12C}"
EndProject
Project("{FAE04EC0-301F-11D3-BF4B-00C04F79EFBC}") = "IdentityServer3.Mono", "IdentityServer3.Mono\IdentityServer3.Mono.csproj", "{89B5E68E-01C7-4303-AFDE-70257F41C3A0}"
EndProject
Project("{2150E333-8FDC-42A3-9474-1A3956D46DE8}") = "00.Foundation", "00.Foundation", "{A84D4E8A-419B-4B07-B734-47A053521688}"
EndProject
Project("{FAE04EC0-301F-11D3-BF4B-00C04F79EFBC}") = "HomeRunner.Foundation", "HomeRunner.Foundation\HomeRunner.Foundation.csproj", "{D7E6A58F-B54D-4339-9AB8-5B9F6F389F9F}"
EndProject
Project("{FAE04EC0-301F-11D3-BF4B-00C04F79EFBC}") = "HomeRunner.Foundation.Contract", "HomeRunner.Foundation.Contract\HomeRunner.Foundation.Contract.csproj", "{0DB614AB-D508-4160-8EF1-4E107808CF42}"
EndProject
Project("{FAE04EC0-301F-11D3-BF4B-00C04F79EFBC}") = "HomeRunner.Foundation.Web", "HomeRunner.Foundation.Web\HomeRunner.Foundation.Web.csproj", "{BAC87A48-B162-44DD-836B-DD78543ACD19}"
EndProject
Project("{FAE04EC0-301F-11D3-BF4B-00C04F79EFBC}") = "HomeRunner.Foundation.NHibernate", "HomeRunner.Foundation.NHibernate\HomeRunner.Foundation.NHibernate.csproj", "{B1027144-83B6-4B72-809E-56D792FB7AC3}"
EndProject
Project("{2150E333-8FDC-42A3-9474-1A3956D46DE8}") = "20.Api", "20.Api", "{8036D9AB-17D6-4084-8FED-DC250BBFCF42}"
EndProject
Project("{FAE04EC0-301F-11D3-BF4B-00C04F79EFBC}") = "HomeRunner.Api.V1.Contract", "HomeRunner.Api.V1.Contract\HomeRunner.Api.V1.Contract.csproj", "{916ECFCA-0241-4060-9E3F-70C0DBE245E2}"
EndProject
Project("{FAE04EC0-301F-11D3-BF4B-00C04F79EFBC}") = "HomeRunner.Api.Service", "HomeRunner.Api.Service\HomeRunner.Api.Service.csproj", "{ACE39372-2EAA-4550-801F-C455AACB2E37}"
EndProject
Project("{2150E333-8FDC-42A3-9474-1A3956D46DE8}") = "30.Web", "30.Web", "{E8525A07-BCA8-4AC1-860F-AFE110B120C1}"
EndProject
Project("{FAE04EC0-301F-11D3-BF4B-00C04F79EFBC}") = "HomeRunner.Web.Host", "HomeRunner.Web.Host\HomeRunner.Web.Host.csproj", "{CFDDE88A-A583-4340-90F1-097D7948C7E8}"
EndProject
Project("{FAE04EC0-301F-11D3-BF4B-00C04F79EFBC}") = "HomeRunner.Web.Foundation", "HomeRunner.Web.Foundation\HomeRunner.Web.Foundation.csproj", "{8EFE575F-1803-4A6A-8F3B-CE20EDCDB7FE}"
EndProject
Project("{FAE04EC0-301F-11D3-BF4B-00C04F79EFBC}") = "HomeRunner.Api.Host", "HomeRunner.Api.Host\HomeRunner.Api.Host.csproj", "{835F89AD-C788-4197-948F-3D0D9274156C}"
EndProject
Project("{2150E333-8FDC-42A3-9474-1A3956D46DE8}") = "10.Domain", "10.Domain", "{619CD9FF-49FE-4BBA-ADC9-B34D1C4ADE51}"
EndProject
Project("{FAE04EC0-301F-11D3-BF4B-00C04F79EFBC}") = "HomeRunner.Domain.ReadModel", "HomeRunner.Domain.ReadModel\HomeRunner.Domain.ReadModel.csproj", "{99118F97-9D6C-4449-8F96-82471465673B}"
EndProject
Project("{FAE04EC0-301F-11D3-BF4B-00C04F79EFBC}") = "HomeRunner.Domain.WriteModel", "HomeRunner.Domain.WriteModel\HomeRunner.Domain.WriteModel.csproj", "{27AE38A7-A804-43D2-A546-FCAA8E288BC5}"
EndProject
Project("{FAE04EC0-301F-11D3-BF4B-00C04F79EFBC}") = "HomeRunner.Domain.WriteModel.Contract", "HomeRunner.Domain.WriteModel.Contract\HomeRunner.Domain.WriteModel.Contract.csproj", "{B0FA7AD3-2A9F-4C1D-997D-833EFE84D674}"
EndProject
Project("{2150E333-8FDC-42A3-9474-1A3956D46DE8}") = "40.Service", "40.Service", "{E0354E9C-7E76-4B05-8AA4-92C62CDD6707}"
EndProject
Project("{FAE04EC0-301F-11D3-BF4B-00C04F79EFBC}") = "HomeRunner.Consumer.Host", "HomeRunner.Consumer.Host\HomeRunner.Consumer.Host.csproj", "{B6B7757E-E0F2-42E7-8272-3967A1AA444F}"
EndProject
Project("{FAE04EC0-301F-11D3-BF4B-00C04F79EFBC}") = "HomeRunner.Api.Host.Console", "HomeRunner.Api.Host.Console\HomeRunner.Api.Host.Console.csproj", "{51359855-27A8-498A-9675-7FEB898C8D35}"
EndProject
Global
	GlobalSection(SolutionConfigurationPlatforms) = preSolution
		AzureWebSites|Any CPU = AzureWebSites|Any CPU
		Debug|Any CPU = Debug|Any CPU
		Release|Any CPU = Release|Any CPU
	EndGlobalSection
	GlobalSection(ProjectConfigurationPlatforms) = postSolution
		{FB9E026E-BAB3-498A-A954-B93B05C146A5}.AzureWebSites|Any CPU.ActiveCfg = AzureWebSites|Any CPU
		{FB9E026E-BAB3-498A-A954-B93B05C146A5}.AzureWebSites|Any CPU.Build.0 = AzureWebSites|Any CPU
		{FB9E026E-BAB3-498A-A954-B93B05C146A5}.Debug|Any CPU.ActiveCfg = Debug|Any CPU
		{FB9E026E-BAB3-498A-A954-B93B05C146A5}.Debug|Any CPU.Build.0 = Debug|Any CPU
		{FB9E026E-BAB3-498A-A954-B93B05C146A5}.Release|Any CPU.ActiveCfg = Release|Any CPU
		{FB9E026E-BAB3-498A-A954-B93B05C146A5}.Release|Any CPU.Build.0 = Release|Any CPU
		{C41ECC23-BB27-4BDD-990E-4908B872F12C}.AzureWebSites|Any CPU.ActiveCfg = AzureWebSites|Any CPU
		{C41ECC23-BB27-4BDD-990E-4908B872F12C}.AzureWebSites|Any CPU.Build.0 = AzureWebSites|Any CPU
		{C41ECC23-BB27-4BDD-990E-4908B872F12C}.Debug|Any CPU.ActiveCfg = Debug|Any CPU
		{C41ECC23-BB27-4BDD-990E-4908B872F12C}.Debug|Any CPU.Build.0 = Debug|Any CPU
		{C41ECC23-BB27-4BDD-990E-4908B872F12C}.Release|Any CPU.ActiveCfg = Release|Any CPU
		{C41ECC23-BB27-4BDD-990E-4908B872F12C}.Release|Any CPU.Build.0 = Release|Any CPU
		{89B5E68E-01C7-4303-AFDE-70257F41C3A0}.AzureWebSites|Any CPU.ActiveCfg = Release|Any CPU
		{89B5E68E-01C7-4303-AFDE-70257F41C3A0}.AzureWebSites|Any CPU.Build.0 = Release|Any CPU
		{89B5E68E-01C7-4303-AFDE-70257F41C3A0}.Debug|Any CPU.ActiveCfg = Debug|Any CPU
		{89B5E68E-01C7-4303-AFDE-70257F41C3A0}.Debug|Any CPU.Build.0 = Debug|Any CPU
		{89B5E68E-01C7-4303-AFDE-70257F41C3A0}.Release|Any CPU.ActiveCfg = Release|Any CPU
		{89B5E68E-01C7-4303-AFDE-70257F41C3A0}.Release|Any CPU.Build.0 = Release|Any CPU
		{D7E6A58F-B54D-4339-9AB8-5B9F6F389F9F}.AzureWebSites|Any CPU.ActiveCfg = Release|Any CPU
		{D7E6A58F-B54D-4339-9AB8-5B9F6F389F9F}.AzureWebSites|Any CPU.Build.0 = Release|Any CPU
		{D7E6A58F-B54D-4339-9AB8-5B9F6F389F9F}.Debug|Any CPU.ActiveCfg = Debug|Any CPU
		{D7E6A58F-B54D-4339-9AB8-5B9F6F389F9F}.Debug|Any CPU.Build.0 = Debug|Any CPU
		{D7E6A58F-B54D-4339-9AB8-5B9F6F389F9F}.Release|Any CPU.ActiveCfg = Release|Any CPU
		{D7E6A58F-B54D-4339-9AB8-5B9F6F389F9F}.Release|Any CPU.Build.0 = Release|Any CPU
		{0DB614AB-D508-4160-8EF1-4E107808CF42}.AzureWebSites|Any CPU.ActiveCfg = Release|Any CPU
		{0DB614AB-D508-4160-8EF1-4E107808CF42}.AzureWebSites|Any CPU.Build.0 = Release|Any CPU
		{0DB614AB-D508-4160-8EF1-4E107808CF42}.Debug|Any CPU.ActiveCfg = Debug|Any CPU
		{0DB614AB-D508-4160-8EF1-4E107808CF42}.Debug|Any CPU.Build.0 = Debug|Any CPU
		{0DB614AB-D508-4160-8EF1-4E107808CF42}.Release|Any CPU.ActiveCfg = Release|Any CPU
		{0DB614AB-D508-4160-8EF1-4E107808CF42}.Release|Any CPU.Build.0 = Release|Any CPU
		{BAC87A48-B162-44DD-836B-DD78543ACD19}.AzureWebSites|Any CPU.ActiveCfg = Release|Any CPU
		{BAC87A48-B162-44DD-836B-DD78543ACD19}.AzureWebSites|Any CPU.Build.0 = Release|Any CPU
		{BAC87A48-B162-44DD-836B-DD78543ACD19}.Debug|Any CPU.ActiveCfg = Debug|Any CPU
		{BAC87A48-B162-44DD-836B-DD78543ACD19}.Debug|Any CPU.Build.0 = Debug|Any CPU
		{BAC87A48-B162-44DD-836B-DD78543ACD19}.Release|Any CPU.ActiveCfg = Release|Any CPU
		{BAC87A48-B162-44DD-836B-DD78543ACD19}.Release|Any CPU.Build.0 = Release|Any CPU
		{B1027144-83B6-4B72-809E-56D792FB7AC3}.AzureWebSites|Any CPU.ActiveCfg = Release|Any CPU
		{B1027144-83B6-4B72-809E-56D792FB7AC3}.AzureWebSites|Any CPU.Build.0 = Release|Any CPU
		{B1027144-83B6-4B72-809E-56D792FB7AC3}.Debug|Any CPU.ActiveCfg = Debug|Any CPU
		{B1027144-83B6-4B72-809E-56D792FB7AC3}.Debug|Any CPU.Build.0 = Debug|Any CPU
		{B1027144-83B6-4B72-809E-56D792FB7AC3}.Release|Any CPU.ActiveCfg = Release|Any CPU
		{B1027144-83B6-4B72-809E-56D792FB7AC3}.Release|Any CPU.Build.0 = Release|Any CPU
		{916ECFCA-0241-4060-9E3F-70C0DBE245E2}.AzureWebSites|Any CPU.ActiveCfg = Release|Any CPU
		{916ECFCA-0241-4060-9E3F-70C0DBE245E2}.AzureWebSites|Any CPU.Build.0 = Release|Any CPU
		{916ECFCA-0241-4060-9E3F-70C0DBE245E2}.Debug|Any CPU.ActiveCfg = Debug|Any CPU
		{916ECFCA-0241-4060-9E3F-70C0DBE245E2}.Debug|Any CPU.Build.0 = Debug|Any CPU
		{916ECFCA-0241-4060-9E3F-70C0DBE245E2}.Release|Any CPU.ActiveCfg = Release|Any CPU
		{916ECFCA-0241-4060-9E3F-70C0DBE245E2}.Release|Any CPU.Build.0 = Release|Any CPU
		{ACE39372-2EAA-4550-801F-C455AACB2E37}.AzureWebSites|Any CPU.ActiveCfg = Release|Any CPU
		{ACE39372-2EAA-4550-801F-C455AACB2E37}.AzureWebSites|Any CPU.Build.0 = Release|Any CPU
		{ACE39372-2EAA-4550-801F-C455AACB2E37}.Debug|Any CPU.ActiveCfg = Debug|Any CPU
		{ACE39372-2EAA-4550-801F-C455AACB2E37}.Debug|Any CPU.Build.0 = Debug|Any CPU
		{ACE39372-2EAA-4550-801F-C455AACB2E37}.Release|Any CPU.ActiveCfg = Release|Any CPU
		{ACE39372-2EAA-4550-801F-C455AACB2E37}.Release|Any CPU.Build.0 = Release|Any CPU
		{CFDDE88A-A583-4340-90F1-097D7948C7E8}.AzureWebSites|Any CPU.ActiveCfg = Release|Any CPU
		{CFDDE88A-A583-4340-90F1-097D7948C7E8}.AzureWebSites|Any CPU.Build.0 = Release|Any CPU
		{CFDDE88A-A583-4340-90F1-097D7948C7E8}.Debug|Any CPU.ActiveCfg = Debug|Any CPU
		{CFDDE88A-A583-4340-90F1-097D7948C7E8}.Debug|Any CPU.Build.0 = Debug|Any CPU
		{CFDDE88A-A583-4340-90F1-097D7948C7E8}.Release|Any CPU.ActiveCfg = Release|Any CPU
		{CFDDE88A-A583-4340-90F1-097D7948C7E8}.Release|Any CPU.Build.0 = Release|Any CPU
		{8EFE575F-1803-4A6A-8F3B-CE20EDCDB7FE}.AzureWebSites|Any CPU.ActiveCfg = Release|Any CPU
		{8EFE575F-1803-4A6A-8F3B-CE20EDCDB7FE}.AzureWebSites|Any CPU.Build.0 = Release|Any CPU
		{8EFE575F-1803-4A6A-8F3B-CE20EDCDB7FE}.Debug|Any CPU.ActiveCfg = Debug|Any CPU
		{8EFE575F-1803-4A6A-8F3B-CE20EDCDB7FE}.Debug|Any CPU.Build.0 = Debug|Any CPU
		{8EFE575F-1803-4A6A-8F3B-CE20EDCDB7FE}.Release|Any CPU.ActiveCfg = Release|Any CPU
		{8EFE575F-1803-4A6A-8F3B-CE20EDCDB7FE}.Release|Any CPU.Build.0 = Release|Any CPU
		{835F89AD-C788-4197-948F-3D0D9274156C}.AzureWebSites|Any CPU.ActiveCfg = Release|Any CPU
		{835F89AD-C788-4197-948F-3D0D9274156C}.AzureWebSites|Any CPU.Build.0 = Release|Any CPU
		{835F89AD-C788-4197-948F-3D0D9274156C}.Debug|Any CPU.ActiveCfg = Debug|Any CPU
		{835F89AD-C788-4197-948F-3D0D9274156C}.Debug|Any CPU.Build.0 = Debug|Any CPU
		{835F89AD-C788-4197-948F-3D0D9274156C}.Release|Any CPU.ActiveCfg = Release|Any CPU
		{835F89AD-C788-4197-948F-3D0D9274156C}.Release|Any CPU.Build.0 = Release|Any CPU
		{99118F97-9D6C-4449-8F96-82471465673B}.AzureWebSites|Any CPU.ActiveCfg = Release|Any CPU
		{99118F97-9D6C-4449-8F96-82471465673B}.AzureWebSites|Any CPU.Build.0 = Release|Any CPU
		{99118F97-9D6C-4449-8F96-82471465673B}.Debug|Any CPU.ActiveCfg = Debug|Any CPU
		{99118F97-9D6C-4449-8F96-82471465673B}.Debug|Any CPU.Build.0 = Debug|Any CPU
		{99118F97-9D6C-4449-8F96-82471465673B}.Release|Any CPU.ActiveCfg = Release|Any CPU
		{99118F97-9D6C-4449-8F96-82471465673B}.Release|Any CPU.Build.0 = Release|Any CPU
		{27AE38A7-A804-43D2-A546-FCAA8E288BC5}.AzureWebSites|Any CPU.ActiveCfg = Release|Any CPU
		{27AE38A7-A804-43D2-A546-FCAA8E288BC5}.AzureWebSites|Any CPU.Build.0 = Release|Any CPU
		{27AE38A7-A804-43D2-A546-FCAA8E288BC5}.Debug|Any CPU.ActiveCfg = Debug|Any CPU
		{27AE38A7-A804-43D2-A546-FCAA8E288BC5}.Debug|Any CPU.Build.0 = Debug|Any CPU
		{27AE38A7-A804-43D2-A546-FCAA8E288BC5}.Release|Any CPU.ActiveCfg = Release|Any CPU
		{27AE38A7-A804-43D2-A546-FCAA8E288BC5}.Release|Any CPU.Build.0 = Release|Any CPU
		{B0FA7AD3-2A9F-4C1D-997D-833EFE84D674}.AzureWebSites|Any CPU.ActiveCfg = Release|Any CPU
		{B0FA7AD3-2A9F-4C1D-997D-833EFE84D674}.AzureWebSites|Any CPU.Build.0 = Release|Any CPU
		{B0FA7AD3-2A9F-4C1D-997D-833EFE84D674}.Debug|Any CPU.ActiveCfg = Debug|Any CPU
		{B0FA7AD3-2A9F-4C1D-997D-833EFE84D674}.Debug|Any CPU.Build.0 = Debug|Any CPU
		{B0FA7AD3-2A9F-4C1D-997D-833EFE84D674}.Release|Any CPU.ActiveCfg = Release|Any CPU
		{B0FA7AD3-2A9F-4C1D-997D-833EFE84D674}.Release|Any CPU.Build.0 = Release|Any CPU
		{B6B7757E-E0F2-42E7-8272-3967A1AA444F}.AzureWebSites|Any CPU.ActiveCfg = Release|Any CPU
		{B6B7757E-E0F2-42E7-8272-3967A1AA444F}.AzureWebSites|Any CPU.Build.0 = Release|Any CPU
		{B6B7757E-E0F2-42E7-8272-3967A1AA444F}.Debug|Any CPU.ActiveCfg = Debug|Any CPU
		{B6B7757E-E0F2-42E7-8272-3967A1AA444F}.Debug|Any CPU.Build.0 = Debug|Any CPU
		{B6B7757E-E0F2-42E7-8272-3967A1AA444F}.Release|Any CPU.ActiveCfg = Release|Any CPU
		{B6B7757E-E0F2-42E7-8272-3967A1AA444F}.Release|Any CPU.Build.0 = Release|Any CPU
		{51359855-27A8-498A-9675-7FEB898C8D35}.AzureWebSites|Any CPU.ActiveCfg = Release|Any CPU
		{51359855-27A8-498A-9675-7FEB898C8D35}.AzureWebSites|Any CPU.Build.0 = Release|Any CPU
		{51359855-27A8-498A-9675-7FEB898C8D35}.Debug|Any CPU.ActiveCfg = Debug|Any CPU
		{51359855-27A8-498A-9675-7FEB898C8D35}.Debug|Any CPU.Build.0 = Debug|Any CPU
		{51359855-27A8-498A-9675-7FEB898C8D35}.Release|Any CPU.ActiveCfg = Release|Any CPU
		{51359855-27A8-498A-9675-7FEB898C8D35}.Release|Any CPU.Build.0 = Release|Any CPU
	EndGlobalSection
	GlobalSection(SolutionProperties) = preSolution
		HideSolutionNode = FALSE
	EndGlobalSection
	GlobalSection(NestedProjects) = preSolution
		{FB9E026E-BAB3-498A-A954-B93B05C146A5} = {8DB647C9-EB26-4113-B0FA-B36EDA8E0A81}
		{C41ECC23-BB27-4BDD-990E-4908B872F12C} = {8DB647C9-EB26-4113-B0FA-B36EDA8E0A81}
		{89B5E68E-01C7-4303-AFDE-70257F41C3A0} = {8DB647C9-EB26-4113-B0FA-B36EDA8E0A81}
		{D7E6A58F-B54D-4339-9AB8-5B9F6F389F9F} = {A84D4E8A-419B-4B07-B734-47A053521688}
		{0DB614AB-D508-4160-8EF1-4E107808CF42} = {A84D4E8A-419B-4B07-B734-47A053521688}
		{BAC87A48-B162-44DD-836B-DD78543ACD19} = {A84D4E8A-419B-4B07-B734-47A053521688}
		{B1027144-83B6-4B72-809E-56D792FB7AC3} = {A84D4E8A-419B-4B07-B734-47A053521688}
		{916ECFCA-0241-4060-9E3F-70C0DBE245E2} = {8036D9AB-17D6-4084-8FED-DC250BBFCF42}
		{ACE39372-2EAA-4550-801F-C455AACB2E37} = {8036D9AB-17D6-4084-8FED-DC250BBFCF42}
		{CFDDE88A-A583-4340-90F1-097D7948C7E8} = {E8525A07-BCA8-4AC1-860F-AFE110B120C1}
		{8EFE575F-1803-4A6A-8F3B-CE20EDCDB7FE} = {E8525A07-BCA8-4AC1-860F-AFE110B120C1}
		{835F89AD-C788-4197-948F-3D0D9274156C} = {E8525A07-BCA8-4AC1-860F-AFE110B120C1}
		{99118F97-9D6C-4449-8F96-82471465673B} = {619CD9FF-49FE-4BBA-ADC9-B34D1C4ADE51}
		{27AE38A7-A804-43D2-A546-FCAA8E288BC5} = {619CD9FF-49FE-4BBA-ADC9-B34D1C4ADE51}
		{B0FA7AD3-2A9F-4C1D-997D-833EFE84D674} = {619CD9FF-49FE-4BBA-ADC9-B34D1C4ADE51}
		{B6B7757E-E0F2-42E7-8272-3967A1AA444F} = {E0354E9C-7E76-4B05-8AA4-92C62CDD6707}
		{51359855-27A8-498A-9675-7FEB898C8D35} = {E0354E9C-7E76-4B05-8AA4-92C62CDD6707}
	EndGlobalSection
	GlobalSection(MonoDevelopProperties) = preSolution
		StartupItem = HomeRunner.Api.Host.Console\HomeRunner.Api.Host.Console.csproj
		Policies = $0
		$0.TextStylePolicy = $1
		$1.inheritsSet = null
		$1.scope = text/x-csharp
		$0.CSharpFormattingPolicy = $2
		$2.StatementBraceStyle = NextLine
		$2.ElseNewLinePlacement = NewLine
		$2.CatchNewLinePlacement = NewLine
		$2.FinallyNewLinePlacement = NewLine
		$2.ArrayInitializerWrapping = DoNotChange
		$2.BeforeMethodDeclarationParentheses = False
		$2.BeforeMethodCallParentheses = False
		$2.BeforeConstructorDeclarationParentheses = False
		$2.NewLineBeforeConstructorInitializerColon = NewLine
		$2.NewLineAfterConstructorInitializerColon = SameLine
		$2.BeforeIndexerDeclarationBracket = False
		$2.BeforeDelegateDeclarationParentheses = False
		$2.AfterDelegateDeclarationParameterComma = True
		$2.IfParentheses = False
		$2.WhileParentheses = False
		$2.ForParentheses = False
		$2.ForeachParentheses = False
		$2.CatchParentheses = False
		$2.SwitchParentheses = False
		$2.LockParentheses = False
		$2.UsingParentheses = False
		$2.SpacesBeforeBrackets = False
		$2.inheritsSet = Mono
		$2.inheritsScope = text/x-csharp
		$2.scope = text/x-csharp
	EndGlobalSection
EndGlobal
