
Microsoft Visual Studio Solution File, Format Version 12.00
# Visual Studio 2013
VisualStudioVersion = 12.0.31101.0
MinimumVisualStudioVersion = 10.0.40219.1
Project("{FAE04EC0-301F-11D3-BF4B-00C04F79EFBC}") = "HomeRunner.Foundation", "HomeRunner.Foundation\HomeRunner.Foundation.csproj", "{D7E6A58F-B54D-4339-9AB8-5B9F6F389F9F}"
EndProject
Project("{2150E333-8FDC-42A3-9474-1A3956D46DE8}") = ".nuget", ".nuget", "{3E35A28F-4FAA-4EF6-90AA-C8245244CAFD}"
	ProjectSection(SolutionItems) = preProject
		.nuget\NuGet.Config = .nuget\NuGet.Config
		.nuget\NuGet.exe = .nuget\NuGet.exe
		.nuget\NuGet.targets = .nuget\NuGet.targets
	EndProjectSection
EndProject
Project("{FAE04EC0-301F-11D3-BF4B-00C04F79EFBC}") = "HomeRunner.Foundation.Contract", "HomeRunner.Foundation.Contract\HomeRunner.Foundation.Contract.csproj", "{0DB614AB-D508-4160-8EF1-4E107808CF42}"
EndProject
Project("{FAE04EC0-301F-11D3-BF4B-00C04F79EFBC}") = "HomeRunner.Web.Host", "HomeRunner.Web.Host\HomeRunner.Web.Host.csproj", "{CFDDE88A-A583-4340-90F1-097D7948C7E8}"
EndProject
Project("{FAE04EC0-301F-11D3-BF4B-00C04F79EFBC}") = "HomeRunner.Rest.Service", "HomeRunner.Rest.Service\HomeRunner.Rest.Service.csproj", "{ACE39372-2EAA-4550-801F-C455AACB2E37}"
EndProject
Project("{2150E333-8FDC-42A3-9474-1A3956D46DE8}") = "99.IdentityServer3", "99.IdentityServer3", "{8DB647C9-EB26-4113-B0FA-B36EDA8E0A81}"
EndProject
Project("{2150E333-8FDC-42A3-9474-1A3956D46DE8}") = "00.Foundation", "00.Foundation", "{A84D4E8A-419B-4B07-B734-47A053521688}"
EndProject
Project("{2150E333-8FDC-42A3-9474-1A3956D46DE8}") = "40.REST service", "40.REST service", "{8036D9AB-17D6-4084-8FED-DC250BBFCF42}"
EndProject
Project("{2150E333-8FDC-42A3-9474-1A3956D46DE8}") = "50.Web", "50.Web", "{E8525A07-BCA8-4AC1-860F-AFE110B120C1}"
EndProject
Project("{FAE04EC0-301F-11D3-BF4B-00C04F79EFBC}") = "HomeRunner.Web.Foundation", "HomeRunner.Web.Foundation\HomeRunner.Web.Foundation.csproj", "{8EFE575F-1803-4A6A-8F3B-CE20EDCDB7FE}"
EndProject
Project("{FAE04EC0-301F-11D3-BF4B-00C04F79EFBC}") = "IdentityServer3.Core", "IdentityServer3.Core\IdentityServer3.Core.csproj", "{FB9E026E-BAB3-498A-A954-B93B05C146A5}"
EndProject
Project("{FAE04EC0-301F-11D3-BF4B-00C04F79EFBC}") = "IdentityServer3.Host", "IdentityServer3.Host\IdentityServer3.Host.csproj", "{C41ECC23-BB27-4BDD-990E-4908B872F12C}"
EndProject
Global
	GlobalSection(SolutionConfigurationPlatforms) = preSolution
		AzureWebSites|Any CPU = AzureWebSites|Any CPU
		Debug|Any CPU = Debug|Any CPU
		Release|Any CPU = Release|Any CPU
	EndGlobalSection
	GlobalSection(ProjectConfigurationPlatforms) = postSolution
		{D7E6A58F-B54D-4339-9AB8-5B9F6F389F9F}.AzureWebSites|Any CPU.ActiveCfg = Release|Any CPU
		{D7E6A58F-B54D-4339-9AB8-5B9F6F389F9F}.AzureWebSites|Any CPU.Build.0 = Release|Any CPU
		{D7E6A58F-B54D-4339-9AB8-5B9F6F389F9F}.Debug|Any CPU.ActiveCfg = Debug|Any CPU
		{D7E6A58F-B54D-4339-9AB8-5B9F6F389F9F}.Debug|Any CPU.Build.0 = Debug|Any CPU
		{D7E6A58F-B54D-4339-9AB8-5B9F6F389F9F}.Release|Any CPU.ActiveCfg = Release|Any CPU
		{D7E6A58F-B54D-4339-9AB8-5B9F6F389F9F}.Release|Any CPU.Build.0 = Release|Any CPU
		{0DB614AB-D508-4160-8EF1-4E107808CF42}.AzureWebSites|Any CPU.ActiveCfg = Release|Any CPU
		{0DB614AB-D508-4160-8EF1-4E107808CF42}.AzureWebSites|Any CPU.Build.0 = Release|Any CPU
		{0DB614AB-D508-4160-8EF1-4E107808CF42}.Debug|Any CPU.ActiveCfg = Debug|Any CPU
		{0DB614AB-D508-4160-8EF1-4E107808CF42}.Debug|Any CPU.Build.0 = Debug|Any CPU
		{0DB614AB-D508-4160-8EF1-4E107808CF42}.Release|Any CPU.ActiveCfg = Release|Any CPU
		{0DB614AB-D508-4160-8EF1-4E107808CF42}.Release|Any CPU.Build.0 = Release|Any CPU
		{CFDDE88A-A583-4340-90F1-097D7948C7E8}.AzureWebSites|Any CPU.ActiveCfg = Release|Any CPU
		{CFDDE88A-A583-4340-90F1-097D7948C7E8}.AzureWebSites|Any CPU.Build.0 = Release|Any CPU
		{CFDDE88A-A583-4340-90F1-097D7948C7E8}.Debug|Any CPU.ActiveCfg = Debug|Any CPU
		{CFDDE88A-A583-4340-90F1-097D7948C7E8}.Debug|Any CPU.Build.0 = Debug|Any CPU
		{CFDDE88A-A583-4340-90F1-097D7948C7E8}.Release|Any CPU.ActiveCfg = Release|Any CPU
		{CFDDE88A-A583-4340-90F1-097D7948C7E8}.Release|Any CPU.Build.0 = Release|Any CPU
		{ACE39372-2EAA-4550-801F-C455AACB2E37}.AzureWebSites|Any CPU.ActiveCfg = Release|Any CPU
		{ACE39372-2EAA-4550-801F-C455AACB2E37}.AzureWebSites|Any CPU.Build.0 = Release|Any CPU
		{ACE39372-2EAA-4550-801F-C455AACB2E37}.Debug|Any CPU.ActiveCfg = Debug|Any CPU
		{ACE39372-2EAA-4550-801F-C455AACB2E37}.Debug|Any CPU.Build.0 = Debug|Any CPU
		{ACE39372-2EAA-4550-801F-C455AACB2E37}.Release|Any CPU.ActiveCfg = Release|Any CPU
		{ACE39372-2EAA-4550-801F-C455AACB2E37}.Release|Any CPU.Build.0 = Release|Any CPU
		{8EFE575F-1803-4A6A-8F3B-CE20EDCDB7FE}.AzureWebSites|Any CPU.ActiveCfg = Release|Any CPU
		{8EFE575F-1803-4A6A-8F3B-CE20EDCDB7FE}.AzureWebSites|Any CPU.Build.0 = Release|Any CPU
		{8EFE575F-1803-4A6A-8F3B-CE20EDCDB7FE}.Debug|Any CPU.ActiveCfg = Debug|Any CPU
		{8EFE575F-1803-4A6A-8F3B-CE20EDCDB7FE}.Debug|Any CPU.Build.0 = Debug|Any CPU
		{8EFE575F-1803-4A6A-8F3B-CE20EDCDB7FE}.Release|Any CPU.ActiveCfg = Release|Any CPU
		{8EFE575F-1803-4A6A-8F3B-CE20EDCDB7FE}.Release|Any CPU.Build.0 = Release|Any CPU
		{FB9E026E-BAB3-498A-A954-B93B05C146A5}.AzureWebSites|Any CPU.ActiveCfg = AzureWebSites|Any CPU
		{FB9E026E-BAB3-498A-A954-B93B05C146A5}.AzureWebSites|Any CPU.Build.0 = AzureWebSites|Any CPU
		{FB9E026E-BAB3-498A-A954-B93B05C146A5}.Debug|Any CPU.ActiveCfg = Debug|Any CPU
		{FB9E026E-BAB3-498A-A954-B93B05C146A5}.Debug|Any CPU.Build.0 = Debug|Any CPU
		{FB9E026E-BAB3-498A-A954-B93B05C146A5}.Release|Any CPU.ActiveCfg = Release|Any CPU
		{FB9E026E-BAB3-498A-A954-B93B05C146A5}.Release|Any CPU.Build.0 = Release|Any CPU
		{C41ECC23-BB27-4BDD-990E-4908B872F12C}.AzureWebSites|Any CPU.ActiveCfg = AzureWebSites|Any CPU
		{C41ECC23-BB27-4BDD-990E-4908B872F12C}.AzureWebSites|Any CPU.Build.0 = AzureWebSites|Any CPU
		{C41ECC23-BB27-4BDD-990E-4908B872F12C}.Debug|Any CPU.ActiveCfg = Debug|Any CPU
		{C41ECC23-BB27-4BDD-990E-4908B872F12C}.Debug|Any CPU.Build.0 = Debug|Any CPU
		{C41ECC23-BB27-4BDD-990E-4908B872F12C}.Release|Any CPU.ActiveCfg = Release|Any CPU
		{C41ECC23-BB27-4BDD-990E-4908B872F12C}.Release|Any CPU.Build.0 = Release|Any CPU
	EndGlobalSection
	GlobalSection(SolutionProperties) = preSolution
		HideSolutionNode = FALSE
	EndGlobalSection
	GlobalSection(NestedProjects) = preSolution
		{D7E6A58F-B54D-4339-9AB8-5B9F6F389F9F} = {A84D4E8A-419B-4B07-B734-47A053521688}
		{0DB614AB-D508-4160-8EF1-4E107808CF42} = {A84D4E8A-419B-4B07-B734-47A053521688}
		{CFDDE88A-A583-4340-90F1-097D7948C7E8} = {E8525A07-BCA8-4AC1-860F-AFE110B120C1}
		{ACE39372-2EAA-4550-801F-C455AACB2E37} = {8036D9AB-17D6-4084-8FED-DC250BBFCF42}
		{8EFE575F-1803-4A6A-8F3B-CE20EDCDB7FE} = {E8525A07-BCA8-4AC1-860F-AFE110B120C1}
		{FB9E026E-BAB3-498A-A954-B93B05C146A5} = {8DB647C9-EB26-4113-B0FA-B36EDA8E0A81}
		{C41ECC23-BB27-4BDD-990E-4908B872F12C} = {8DB647C9-EB26-4113-B0FA-B36EDA8E0A81}
	EndGlobalSection
EndGlobal
